
Microsoft Visual Studio Solution File, Format Version 12.00
# Visual Studio Version 16
VisualStudioVersion = 16.0.28729.10
MinimumVisualStudioVersion = 10.0.40219.1
Project("{8BC9CEB8-8B4A-11D0-8D11-00A0C91BC942}") = "WindowsProject1", "WindowsProject1\WindowsProject1.vcxproj", "{EFB2EAE7-C167-4D1C-8105-979B9BCBA145}"
EndProject
Global
	GlobalSection(SolutionConfigurationPlatforms) = preSolution
		Debug|x64 = Debug|x64
		Debug|x86 = Debug|x86
		Release|x64 = Release|x64
		Release|x86 = Release|x86
	EndGlobalSection
	GlobalSection(ProjectConfigurationPlatforms) = postSolution
		{EFB2EAE7-C167-4D1C-8105-979B9BCBA145}.Debug|x64.ActiveCfg = Debug|x64
		{EFB2EAE7-C167-4D1C-8105-979B9BCBA145}.Debug|x64.Build.0 = Debug|x64
		{EFB2EAE7-C167-4D1C-8105-979B9BCBA145}.Debug|x86.ActiveCfg = Debug|Win32
		{EFB2EAE7-C167-4D1C-8105-979B9BCBA145}.Debug|x86.Build.0 = Debug|Win32
		{EFB2EAE7-C167-4D1C-8105-979B9BCBA145}.Release|x64.ActiveCfg = Release|x64
		{EFB2EAE7-C167-4D1C-8105-979B9BCBA145}.Release|x64.Build.0 = Release|x64
		{EFB2EAE7-C167-4D1C-8105-979B9BCBA145}.Release|x86.ActiveCfg = Release|Win32
		{EFB2EAE7-C167-4D1C-8105-979B9BCBA145}.Release|x86.Build.0 = Release|Win32
	EndGlobalSection
	GlobalSection(SolutionProperties) = preSolution
		HideSolutionNode = FALSE
	EndGlobalSection
	GlobalSection(ExtensibilityGlobals) = postSolution
		SolutionGuid = {D1EE5DBD-7867-4CF4-9DBE-D836054FFBAE}
	EndGlobalSection
EndGlobal
